{
  "name": "day-6",
  "version": "1.0.0",
  "lockfileVersion": 1,
  "requires": true,
  "dependencies": {
    "captchapng2": {
      "version": "1.0.3",
      "resolved": "https://registry.npm.taobao.org/captchapng2/download/captchapng2-1.0.3.tgz",
      "integrity": "sha1-zq+EAsyj4wUd6NFRtwZQujmyZwU=",
      "requires": {
        "node-pnglib": "^1.5.2"
      }
    },
    "color-name": {
      "version": "1.1.4",
      "resolved": "https://registry.npm.taobao.org/color-name/download/color-name-1.1.4.tgz",
      "integrity": "sha1-wqCah6y95pVD3m9j+jmVyCbFNqI="
    },
    "formidable": {
      "version": "1.2.1",
      "resolved": "https://registry.npm.taobao.org/formidable/download/formidable-1.2.1.tgz",
      "integrity": "sha1-cPt8oCkO5v+WEJBBX0s989IIJlk="
    },
    "koa-formidable": {
      "version": "1.1.0",
      "resolved": "https://registry.npm.taobao.org/koa-formidable/download/koa-formidable-1.1.0.tgz",
      "integrity": "sha1-OZhbrCFyhmLre8zfSCoq2IivZqo=",
      "requires": {
        "formidable": "^1.1.1"
      }
    },
    "node-pnglib": {
      "version": "1.5.5",
      "resolved": "https://registry.npm.taobao.org/node-pnglib/download/node-pnglib-1.5.5.tgz",
      "integrity": "sha1-/f7pdYKOY6CkKYGb2mRALXGYo34=",
      "requires": {
        "color-name": "^1.1.3"
      }
    }
  }
}
